
Microsoft Visual Studio Solution File, Format Version 12.00
# Visual Studio Version 17
VisualStudioVersion = 17.6.33723.286
MinimumVisualStudioVersion = 10.0.40219.1
Project("{9A19103F-16F7-4668-BE54-9A1E7A4F7556}") = "DynamicsMapper", "Generator\DynamicsMapper.csproj", "{98DDF380-9675-4C2D-9398-73AB18C7B772}"
EndProject
Project("{9A19103F-16F7-4668-BE54-9A1E7A4F7556}") = "DynamicsMapper.Abstractions", "DynamicsMapper.Abstractions\DynamicsMapper.Abstractions.csproj", "{CD754AFA-D559-4C87-A1AA-A7C1C2185CC0}"
EndProject
Project("{9A19103F-16F7-4668-BE54-9A1E7A4F7556}") = "DebuggerClient", "DebuggerClient\DebuggerClient.csproj", "{3AB65739-4C11-4730-8BD6-7BA7E02F9540}"
EndProject
Project("{9A19103F-16F7-4668-BE54-9A1E7A4F7556}") = "Domain", "Domain\Domain.csproj", "{A704A406-A7E9-4ED0-87F9-B131B3D8E821}"
EndProject
Project("{9A19103F-16F7-4668-BE54-9A1E7A4F7556}") = "Tests", "Tests\Tests.csproj", "{FB3EC788-7A36-4E05-8D87-89D244EDE426}"
EndProject
Project("{FAE04EC0-301F-11D3-BF4B-00C04F79EFBC}") = "DynamicsMapper.FastMappers", "DynamicsMapper.FastMappers\DynamicsMapper.FastMappers.csproj", "{5C53E020-19C2-438A-90D5-5B9642A99945}"
EndProject
Global
	GlobalSection(SolutionConfigurationPlatforms) = preSolution
		Debug|Any CPU = Debug|Any CPU
		Release|Any CPU = Release|Any CPU
	EndGlobalSection
	GlobalSection(ProjectConfigurationPlatforms) = postSolution
		{98DDF380-9675-4C2D-9398-73AB18C7B772}.Debug|Any CPU.ActiveCfg = Debug|Any CPU
		{98DDF380-9675-4C2D-9398-73AB18C7B772}.Debug|Any CPU.Build.0 = Debug|Any CPU
		{98DDF380-9675-4C2D-9398-73AB18C7B772}.Release|Any CPU.ActiveCfg = Release|Any CPU
		{98DDF380-9675-4C2D-9398-73AB18C7B772}.Release|Any CPU.Build.0 = Release|Any CPU
		{CD754AFA-D559-4C87-A1AA-A7C1C2185CC0}.Debug|Any CPU.ActiveCfg = Debug|Any CPU
		{CD754AFA-D559-4C87-A1AA-A7C1C2185CC0}.Debug|Any CPU.Build.0 = Debug|Any CPU
		{CD754AFA-D559-4C87-A1AA-A7C1C2185CC0}.Release|Any CPU.ActiveCfg = Release|Any CPU
		{CD754AFA-D559-4C87-A1AA-A7C1C2185CC0}.Release|Any CPU.Build.0 = Release|Any CPU
		{3AB65739-4C11-4730-8BD6-7BA7E02F9540}.Debug|Any CPU.ActiveCfg = Debug|Any CPU
		{3AB65739-4C11-4730-8BD6-7BA7E02F9540}.Debug|Any CPU.Build.0 = Debug|Any CPU
		{3AB65739-4C11-4730-8BD6-7BA7E02F9540}.Release|Any CPU.ActiveCfg = Release|Any CPU
		{3AB65739-4C11-4730-8BD6-7BA7E02F9540}.Release|Any CPU.Build.0 = Release|Any CPU
		{A704A406-A7E9-4ED0-87F9-B131B3D8E821}.Debug|Any CPU.ActiveCfg = Debug|Any CPU
		{A704A406-A7E9-4ED0-87F9-B131B3D8E821}.Debug|Any CPU.Build.0 = Debug|Any CPU
		{A704A406-A7E9-4ED0-87F9-B131B3D8E821}.Release|Any CPU.ActiveCfg = Release|Any CPU
		{A704A406-A7E9-4ED0-87F9-B131B3D8E821}.Release|Any CPU.Build.0 = Release|Any CPU
		{FB3EC788-7A36-4E05-8D87-89D244EDE426}.Debug|Any CPU.ActiveCfg = Debug|Any CPU
		{FB3EC788-7A36-4E05-8D87-89D244EDE426}.Debug|Any CPU.Build.0 = Debug|Any CPU
		{FB3EC788-7A36-4E05-8D87-89D244EDE426}.Release|Any CPU.ActiveCfg = Release|Any CPU
		{FB3EC788-7A36-4E05-8D87-89D244EDE426}.Release|Any CPU.Build.0 = Release|Any CPU
		{5C53E020-19C2-438A-90D5-5B9642A99945}.Debug|Any CPU.ActiveCfg = Debug|Any CPU
		{5C53E020-19C2-438A-90D5-5B9642A99945}.Debug|Any CPU.Build.0 = Debug|Any CPU
		{5C53E020-19C2-438A-90D5-5B9642A99945}.Release|Any CPU.ActiveCfg = Release|Any CPU
		{5C53E020-19C2-438A-90D5-5B9642A99945}.Release|Any CPU.Build.0 = Release|Any CPU
	EndGlobalSection
	GlobalSection(SolutionProperties) = preSolution
		HideSolutionNode = FALSE
	EndGlobalSection
	GlobalSection(ExtensibilityGlobals) = postSolution
		SolutionGuid = {8C1A98FC-7926-4BC6-8DA7-4D12C5905C6D}
	EndGlobalSection
EndGlobal
